{
  "version": 4,
  "terraform_version": "1.11.2",
  "serial": 30,
  "lineage": "2969b412-816d-0e9d-df09-ce738ea270aa",
  "outputs": {
    "codedeploy_app_name": {
      "value": "istory-app",
      "type": "string"
    },
    "codedeploy_deployment_group_name": {
      "value": "istory-deploy-group",
      "type": "string"
    },
    "dev_istory_nginx_instance_public_ip": {
      "value": "43.203.221.158",
      "type": "string"
    },
    "istory-deploy-bucket_name": {
      "value": "istory-deploy-bucket-503561412665",
      "type": "string"
    },
    "rds_database_name": {
      "value": "istory",
      "type": "string"
    },
    "rds_endpoint": {
      "value": "istory-db.c7yg2u02qwvx.ap-northeast-2.rds.amazonaws.com:3306",
      "type": "string"
    },
    "rds_username": {
      "value": "user",
      "type": "string"
    },
    "ssh_private_key_pem": {
      "value": "-----BEGIN RSA PRIVATE KEY-----\nMIIEpQIBAAKCAQEAquvrAGeEomwSyw/qQAB0H90xvc1D7gcd/Pj86gs/kfRWvKDb\nPjt1LXCMwAhMYuHp+d1lHjdG1J7ev+m0ft5a7bNPnPfeT+TTKHThh+aCJnkFWq1u\nO+kBmCYM7nSeuayFnDIm1HaOqYIb3aQN/5Mksf5ntMf/4pXUewZeTLsJKO8ouizt\neUM0F5EyBwej6mgUQoRrbA1aePrZXmXgm8eBz9V1zbsVubc+vLNOZbznhVyoVXCJ\nLWsglWt6NvlszeuSAsUljc+MJWWTvBRvg3k7Wrqx/z6/ufEyzY2i0ZjPJ3Mriy31\n3lhxkY9U7yVy9gOysdcD6DrVug5X4xqwgPGQZQIDAQABAoIBAQCSH+GoVdf5+EVU\n34VYNEsTFss4xm1F6UXFCaVH/lfZ0zf4SdlGahSyxV8/qZiMjTG4kYOqgn2Gt1Ae\naJIMSNMaFsuAmhSw3yN7mflac0Jf2+Us8cqlY34ecqFpl8A/YvRTZjj2OWmcF4T1\nRxVEo6qilapZzwa/03J1vysNlHWvTOolhO0VMm86boaL9v7t89cFnlrxMEiNUxR1\nWzzH/tH2/oHeVIfnJGuuRMzwGMlo4v5yTpOdUVamOBW+C0XCYGQyXrkL4VJytXbc\nnptCBaWS4lKrwoc3O0PYYHmEn3oqM4vTRfzUgWWETie7p+4JiMv9AtqP711NGWIy\nsL7xaswdAoGBAM6cE/pgw3i9mFZsReAGWAk2DIDu9Kyj3KjCWDsgJKJLngCeCLkY\nuWgPiGokEwajktIs4mOIFgH/ObgcYczfHaIzLIJtA4am7+bP6e0D8w5PtdXXaPcU\nCCQzXfUcAnwZeLwcZBh3clF+c3pixB7dwuvuAOSUpwZwkDC4EijU0Wz/AoGBANPH\n1CMCyfonYUd/Aan9NQ/Tatm3vBaSJp7sS+wPaSElt5WDX2n8WTYk0xPvZPFT2UFw\nShiGIpl5QVDoyhhysb42/8JRfzWeqa647AA/5Cd+aBRG6uJCP29QDT8ftVE9/cVE\nm5kZ8hweg8IyNOsqAljQ4b5SWUBkYOs1PH2zsW6bAoGBAKuPOJuYS9fvfxaMM31x\nZxrG8Z0CTtMoAat0LTVzXFgTeDDFCTNBj3sUIs8YA2Bo5Rp2wMmrD7M6zh/OGXu3\n7PBpk9T9VocyCVTcYj84H1RL5g6aHwPDc3sz2BoW1w1bTUDORmN2k8uNt6/xYS7M\nL/YenEkyEnsrbt+1iQa0qO3bAoGAbfuiFMiXAh2/bHTt9Uz1aJGgNQ8xU/t0qSYI\nS8C5FSjUTYZbX9xYrEC1ie3SW23zLwPUxyWqBFAvdohepBG0cxd2/YB7cupCLuYE\nUiDcKRKBlL47r2M+NF27c2PRMy7hgrgdooYR8T57qLeQOeyoKV3ZTpDPnxxCJQSR\ntKpEZC8CgYEAj+ELGdpZPjL7nNeoVnZo/UF/uXP5XkB5oBpnsIBJuZPYU3pZ4lkl\nf3i/JF4VVMJtSf6oLi9euBsZpLDbvD4A3PPSnyJ0b3T0hTn/ZC6EXMlpECzf7s+s\nnCq/10AVdBOJauLGroG5bpbBySBpRIXVkeF3VChUERdqTieFmo1zF2g=\n-----END RSA PRIVATE KEY-----\n",
      "type": "string",
      "sensitive": true
    }
  },
  "resources": [
    {
      "mode": "data",
      "type": "aws_caller_identity",
      "name": "current",
      "provider": "provider[\"registry.terraform.io/hashicorp/aws\"]",
      "instances": [
        {
          "schema_version": 0,
          "attributes": {
            "account_id": "503561412665",
            "arn": "arn:aws:iam::503561412665:user/cicd",
            "id": "503561412665",
            "user_id": "AIDAXKPUZMA4Q3PQYCMQM"
          },
          "sensitive_attributes": []
        }
      ]
    },
    {
      "mode": "managed",
      "type": "aws_codedeploy_app",
      "name": "istory-app",
      "provider": "provider[\"registry.terraform.io/hashicorp/aws\"]",
      "instances": [
        {
          "schema_version": 0,
          "attributes": {
            "application_id": "372ec99b-2e4c-40af-8067-85aecdbbd8aa",
            "arn": "arn:aws:codedeploy:ap-northeast-2:503561412665:application:istory-app",
            "compute_platform": "Server",
            "github_account_name": "",
            "id": "372ec99b-2e4c-40af-8067-85aecdbbd8aa:istory-app",
            "linked_to_github": false,
            "name": "istory-app",
            "tags": null,
            "tags_all": {}
          },
          "sensitive_attributes": [],
          "private": "bnVsbA=="
        }
      ]
    },
    {
      "mode": "managed",
      "type": "aws_codedeploy_deployment_group",
      "name": "istory-deploy_group",
      "provider": "provider[\"registry.terraform.io/hashicorp/aws\"]",
      "instances": [
        {
          "schema_version": 0,
          "attributes": {
            "alarm_configuration": [],
            "app_name": "istory-app",
            "arn": "arn:aws:codedeploy:ap-northeast-2:503561412665:deploymentgroup:istory-app/istory-deploy-group",
            "auto_rollback_configuration": [
              {
                "enabled": true,
                "events": [
                  "DEPLOYMENT_FAILURE"
                ]
              }
            ],
            "autoscaling_groups": null,
            "blue_green_deployment_config": [],
            "compute_platform": "Server",
            "deployment_config_name": "CodeDeployDefault.OneAtATime",
            "deployment_group_id": "305719fc-31d1-42e6-884b-c56a75da924b",
            "deployment_group_name": "istory-deploy-group",
            "deployment_style": [
              {
                "deployment_option": "WITHOUT_TRAFFIC_CONTROL",
                "deployment_type": "IN_PLACE"
              }
            ],
            "ec2_tag_filter": [],
            "ec2_tag_set": [
              {
                "ec2_tag_filter": [
                  {
                    "key": "Environment",
                    "type": "KEY_AND_VALUE",
                    "value": "Development"
                  }
                ]
              }
            ],
            "ecs_service": [],
            "id": "305719fc-31d1-42e6-884b-c56a75da924b",
            "load_balancer_info": [],
            "on_premises_instance_tag_filter": [],
            "outdated_instances_strategy": "UPDATE",
            "service_role_arn": "arn:aws:iam::503561412665:role/CodeDeployServiceRole",
            "tags": null,
            "tags_all": {},
            "termination_hook_enabled": false,
            "trigger_configuration": []
          },
          "sensitive_attributes": [],
          "private": "bnVsbA==",
          "dependencies": [
            "aws_codedeploy_app.istory-app",
            "aws_iam_role.codedeploy_service_role"
          ]
        }
      ]
    },
    {
      "mode": "managed",
      "type": "aws_db_instance",
      "name": "istory_db",
      "provider": "provider[\"registry.terraform.io/hashicorp/aws\"]",
      "instances": [
        {
          "schema_version": 2,
          "attributes": {
            "address": "istory-db.c7yg2u02qwvx.ap-northeast-2.rds.amazonaws.com",
            "allocated_storage": 20,
            "allow_major_version_upgrade": null,
            "apply_immediately": false,
            "arn": "arn:aws:rds:ap-northeast-2:503561412665:db:istory-db",
            "auto_minor_version_upgrade": true,
            "availability_zone": "ap-northeast-2c",
            "backup_retention_period": 7,
            "backup_target": "region",
            "backup_window": "03:00-04:00",
            "blue_green_update": [],
            "ca_cert_identifier": "rds-ca-rsa2048-g1",
            "character_set_name": "",
            "copy_tags_to_snapshot": false,
            "custom_iam_instance_profile": "",
            "customer_owned_ip_enabled": false,
            "database_insights_mode": "standard",
            "db_name": "istory",
            "db_subnet_group_name": "istory-db-subnet-group",
            "dedicated_log_volume": false,
            "delete_automated_backups": true,
            "deletion_protection": false,
            "domain": "",
            "domain_auth_secret_arn": "",
            "domain_dns_ips": null,
            "domain_fqdn": "",
            "domain_iam_role_name": "",
            "domain_ou": "",
            "enabled_cloudwatch_logs_exports": null,
            "endpoint": "istory-db.c7yg2u02qwvx.ap-northeast-2.rds.amazonaws.com:3306",
            "engine": "mysql",
            "engine_lifecycle_support": "open-source-rds-extended-support",
            "engine_version": "8.0",
            "engine_version_actual": "8.0.40",
            "final_snapshot_identifier": null,
            "hosted_zone_id": "ZLA2NUCOLGUUR",
            "iam_database_authentication_enabled": false,
            "id": "db-V7KNPWAQBO55YCK4HH32CBDR4Q",
            "identifier": "istory-db",
            "identifier_prefix": "",
            "instance_class": "db.t3.micro",
            "iops": 0,
            "kms_key_id": "",
            "latest_restorable_time": "2025-03-22T05:36:04Z",
            "license_model": "general-public-license",
            "listener_endpoint": [],
            "maintenance_window": "mon:04:00-mon:05:00",
            "manage_master_user_password": null,
            "master_user_secret": [],
            "master_user_secret_kms_key_id": null,
            "max_allocated_storage": 0,
            "monitoring_interval": 0,
            "monitoring_role_arn": "",
            "multi_az": false,
            "nchar_character_set_name": "",
            "network_type": "IPV4",
            "option_group_name": "default:mysql-8-0",
            "parameter_group_name": "istory-db-parameter-group",
            "password": "user12345",
            "password_wo": null,
            "password_wo_version": null,
            "performance_insights_enabled": false,
            "performance_insights_kms_key_id": "",
            "performance_insights_retention_period": 0,
            "port": 3306,
            "publicly_accessible": false,
            "replica_mode": "",
            "replicas": [],
            "replicate_source_db": "",
            "resource_id": "db-V7KNPWAQBO55YCK4HH32CBDR4Q",
            "restore_to_point_in_time": [],
            "s3_import": [],
            "skip_final_snapshot": true,
            "snapshot_identifier": null,
            "status": "available",
            "storage_encrypted": false,
            "storage_throughput": 0,
            "storage_type": "gp2",
            "tags": {
              "Environment": "Development",
              "Name": "istory"
            },
            "tags_all": {
              "Environment": "Development",
              "Name": "istory"
            },
            "timeouts": null,
            "timezone": "",
            "upgrade_storage_config": null,
            "username": "user",
            "vpc_security_group_ids": [
              "sg-0db832061baa501a4"
            ]
          },
          "sensitive_attributes": [
            [
              {
                "type": "get_attr",
                "value": "password"
              }
            ],
            [
              {
                "type": "get_attr",
                "value": "password_wo"
              }
            ]
          ],
          "private": "eyJlMmJmYjczMC1lY2FhLTExZTYtOGY4OC0zNDM2M2JjN2M0YzAiOnsiY3JlYXRlIjozMDAwMDAwMDAwMDAwLCJkZWxldGUiOjM2MDAwMDAwMDAwMDAsInVwZGF0ZSI6NDgwMDAwMDAwMDAwMH0sInNjaGVtYV92ZXJzaW9uIjoiMiJ9",
          "dependencies": [
            "aws_db_parameter_group.istory_db_parameter_group",
            "aws_db_subnet_group.istory_db_subnet_group",
            "aws_security_group.istory_nginx_sg",
            "aws_security_group.istory_rds_sg",
            "aws_subnet.dangtong-vpc-public-subnet",
            "aws_vpc.dangtong-vpc"
          ]
        }
      ]
    },
    {
      "mode": "managed",
      "type": "aws_db_parameter_group",
      "name": "istory_db_parameter_group",
      "provider": "provider[\"registry.terraform.io/hashicorp/aws\"]",
      "instances": [
        {
          "schema_version": 0,
          "attributes": {
            "arn": "arn:aws:rds:ap-northeast-2:503561412665:pg:istory-db-parameter-group",
            "description": "Managed by Terraform",
            "family": "mysql8.0",
            "id": "istory-db-parameter-group",
            "name": "istory-db-parameter-group",
            "name_prefix": "",
            "parameter": [
              {
                "apply_method": "immediate",
                "name": "character_set_client",
                "value": "utf8mb4"
              },
              {
                "apply_method": "immediate",
                "name": "character_set_server",
                "value": "utf8mb4"
              }
            ],
            "skip_destroy": false,
            "tags": null,
            "tags_all": {}
          },
          "sensitive_attributes": [],
          "private": "bnVsbA=="
        }
      ]
    },
    {
      "mode": "managed",
      "type": "aws_db_subnet_group",
      "name": "istory_db_subnet_group",
      "provider": "provider[\"registry.terraform.io/hashicorp/aws\"]",
      "instances": [
        {
          "schema_version": 0,
          "attributes": {
            "arn": "arn:aws:rds:ap-northeast-2:503561412665:subgrp:istory-db-subnet-group",
            "description": "Managed by Terraform",
            "id": "istory-db-subnet-group",
            "name": "istory-db-subnet-group",
            "name_prefix": "",
            "subnet_ids": [
              "subnet-09698002abdd05f90",
              "subnet-0ad9cae8b8ff5e593",
              "subnet-0bc6f85a874d1487b",
              "subnet-0de94dcc18e00bfb6"
            ],
            "supported_network_types": [
              "IPV4"
            ],
            "tags": {
              "Name": "istory DB subnet group"
            },
            "tags_all": {
              "Name": "istory DB subnet group"
            },
            "vpc_id": "vpc-0ded95253478159fb"
          },
          "sensitive_attributes": [],
          "private": "bnVsbA==",
          "dependencies": [
            "aws_subnet.dangtong-vpc-public-subnet",
            "aws_vpc.dangtong-vpc"
          ]
        }
      ]
    },
    {
      "mode": "managed",
      "type": "aws_iam_instance_profile",
      "name": "ec2_profile",
      "provider": "provider[\"registry.terraform.io/hashicorp/aws\"]",
      "instances": [
        {
          "schema_version": 0,
          "attributes": {
            "arn": "arn:aws:iam::503561412665:instance-profile/EC2CodeDeployProfile",
            "create_date": "2025-03-22T05:31:15Z",
            "id": "EC2CodeDeployProfile",
            "name": "EC2CodeDeployProfile",
            "name_prefix": "",
            "path": "/",
            "role": "EC2CodeDeployRole",
            "tags": null,
            "tags_all": {},
            "unique_id": "AIPAXKPUZMA4TCMO5E4JK"
          },
          "sensitive_attributes": [],
          "private": "bnVsbA==",
          "dependencies": [
            "aws_iam_role.ec2_codedeploy_role"
          ]
        }
      ]
    },
    {
      "mode": "managed",
      "type": "aws_iam_role",
      "name": "codedeploy_service_role",
      "provider": "provider[\"registry.terraform.io/hashicorp/aws\"]",
      "instances": [
        {
          "schema_version": 0,
          "attributes": {
            "arn": "arn:aws:iam::503561412665:role/CodeDeployServiceRole",
            "assume_role_policy": "{\"Statement\":[{\"Action\":\"sts:AssumeRole\",\"Effect\":\"Allow\",\"Principal\":{\"Service\":\"codedeploy.amazonaws.com\"}}],\"Version\":\"2012-10-17\"}",
            "create_date": "2025-03-22T05:31:13Z",
            "description": "",
            "force_detach_policies": false,
            "id": "CodeDeployServiceRole",
            "inline_policy": [],
            "managed_policy_arns": [],
            "max_session_duration": 3600,
            "name": "CodeDeployServiceRole",
            "name_prefix": "",
            "path": "/",
            "permissions_boundary": "",
            "tags": {
              "Name": "codedeploy-service-role"
            },
            "tags_all": {
              "Name": "codedeploy-service-role"
            },
            "unique_id": "AROAXKPUZMA44MF2SC7YL"
          },
          "sensitive_attributes": [],
          "private": "bnVsbA=="
        }
      ]
    },
    {
      "mode": "managed",
      "type": "aws_iam_role",
      "name": "ec2_codedeploy_role",
      "provider": "provider[\"registry.terraform.io/hashicorp/aws\"]",
      "instances": [
        {
          "schema_version": 0,
          "attributes": {
            "arn": "arn:aws:iam::503561412665:role/EC2CodeDeployRole",
            "assume_role_policy": "{\"Statement\":[{\"Action\":\"sts:AssumeRole\",\"Effect\":\"Allow\",\"Principal\":{\"Service\":\"ec2.amazonaws.com\"}}],\"Version\":\"2012-10-17\"}",
            "create_date": "2025-03-22T05:31:13Z",
            "description": "",
            "force_detach_policies": false,
            "id": "EC2CodeDeployRole",
            "inline_policy": [],
            "managed_policy_arns": [],
            "max_session_duration": 3600,
            "name": "EC2CodeDeployRole",
            "name_prefix": "",
            "path": "/",
            "permissions_boundary": "",
            "tags": {
              "Name": "ec2-codedeploy-role"
            },
            "tags_all": {
              "Name": "ec2-codedeploy-role"
            },
            "unique_id": "AROAXKPUZMA43EEVPIEJ2"
          },
          "sensitive_attributes": [],
          "private": "bnVsbA=="
        }
      ]
    },
    {
      "mode": "managed",
      "type": "aws_iam_role_policy_attachment",
      "name": "codedeploy_service",
      "provider": "provider[\"registry.terraform.io/hashicorp/aws\"]",
      "instances": [
        {
          "schema_version": 0,
          "attributes": {
            "id": "CodeDeployServiceRole-20250322053115227100000003",
            "policy_arn": "arn:aws:iam::aws:policy/service-role/AWSCodeDeployRole",
            "role": "CodeDeployServiceRole"
          },
          "sensitive_attributes": [],
          "private": "bnVsbA==",
          "dependencies": [
            "aws_iam_role.codedeploy_service_role"
          ]
        }
      ]
    },
    {
      "mode": "managed",
      "type": "aws_iam_role_policy_attachment",
      "name": "ec2_codedeploy",
      "provider": "provider[\"registry.terraform.io/hashicorp/aws\"]",
      "instances": [
        {
          "schema_version": 0,
          "attributes": {
            "id": "EC2CodeDeployRole-20250322053114934300000001",
            "policy_arn": "arn:aws:iam::aws:policy/service-role/AWSCodeDeployRole",
            "role": "EC2CodeDeployRole"
          },
          "sensitive_attributes": [],
          "private": "bnVsbA==",
          "dependencies": [
            "aws_iam_role.ec2_codedeploy_role"
          ]
        }
      ]
    },
    {
      "mode": "managed",
      "type": "aws_iam_role_policy_attachment",
      "name": "ec2_codedeploy_s3",
      "provider": "provider[\"registry.terraform.io/hashicorp/aws\"]",
      "instances": [
        {
          "schema_version": 0,
          "attributes": {
            "id": "EC2CodeDeployRole-20250322053114937500000002",
            "policy_arn": "arn:aws:iam::aws:policy/AmazonS3ReadOnlyAccess",
            "role": "EC2CodeDeployRole"
          },
          "sensitive_attributes": [],
          "private": "bnVsbA==",
          "dependencies": [
            "aws_iam_role.ec2_codedeploy_role"
          ]
        }
      ]
    },
    {
      "mode": "managed",
      "type": "aws_instance",
      "name": "dev_istory_nginx_instance",
      "provider": "provider[\"registry.terraform.io/hashicorp/aws\"]",
      "instances": [
        {
          "schema_version": 1,
          "attributes": {
            "ami": "ami-08b09b6acd8d62254",
            "arn": "arn:aws:ec2:ap-northeast-2:503561412665:instance/i-0bd017512656090b3",
            "associate_public_ip_address": true,
            "availability_zone": "ap-northeast-2a",
            "capacity_reservation_specification": [
              {
                "capacity_reservation_preference": "open",
                "capacity_reservation_target": []
              }
            ],
            "cpu_core_count": 1,
            "cpu_options": [
              {
                "amd_sev_snp": "",
                "core_count": 1,
                "threads_per_core": 1
              }
            ],
            "cpu_threads_per_core": 1,
            "credit_specification": [
              {
                "cpu_credits": "standard"
              }
            ],
            "disable_api_stop": false,
            "disable_api_termination": false,
            "ebs_block_device": [],
            "ebs_optimized": false,
            "enable_primary_ipv6": null,
            "enclave_options": [
              {
                "enabled": false
              }
            ],
            "ephemeral_block_device": [],
            "get_password_data": false,
            "hibernation": false,
            "host_id": "",
            "host_resource_group_arn": null,
            "iam_instance_profile": "EC2CodeDeployProfile",
            "id": "i-0bd017512656090b3",
            "instance_initiated_shutdown_behavior": "stop",
            "instance_lifecycle": "",
            "instance_market_options": [],
            "instance_state": "running",
            "instance_type": "t2.micro",
            "ipv6_address_count": 0,
            "ipv6_addresses": [],
            "key_name": "ec2-key_pair",
            "launch_template": [],
            "maintenance_options": [
              {
                "auto_recovery": "default"
              }
            ],
            "metadata_options": [
              {
                "http_endpoint": "enabled",
                "http_protocol_ipv6": "disabled",
                "http_put_response_hop_limit": 1,
                "http_tokens": "optional",
                "instance_metadata_tags": "disabled"
              }
            ],
            "monitoring": false,
            "network_interface": [],
            "outpost_arn": "",
            "password_data": "",
            "placement_group": "",
            "placement_partition_number": 0,
            "primary_network_interface_id": "eni-0c3376ad627821ce6",
            "private_dns": "ip-10-0-1-169.ap-northeast-2.compute.internal",
            "private_dns_name_options": [
              {
                "enable_resource_name_dns_a_record": false,
                "enable_resource_name_dns_aaaa_record": false,
                "hostname_type": "ip-name"
              }
            ],
            "private_ip": "10.0.1.169",
            "public_dns": "ec2-43-203-221-158.ap-northeast-2.compute.amazonaws.com",
            "public_ip": "43.203.221.158",
            "root_block_device": [
              {
                "delete_on_termination": true,
                "device_name": "/dev/xvda",
                "encrypted": false,
                "iops": 100,
                "kms_key_id": "",
                "tags": {},
                "tags_all": {},
                "throughput": 0,
                "volume_id": "vol-0f53c0d63239fd9cb",
                "volume_size": 8,
                "volume_type": "gp2"
              }
            ],
            "secondary_private_ips": [],
            "security_groups": [],
            "source_dest_check": true,
            "spot_instance_request_id": "",
            "subnet_id": "subnet-0ad9cae8b8ff5e593",
            "tags": {
              "Environment": "Development",
              "Name": "istory nginx-server"
            },
            "tags_all": {
              "Environment": "Development",
              "Name": "istory nginx-server"
            },
            "tenancy": "default",
            "timeouts": null,
            "user_data": "89573fc17c6928260a1ff3340398cee177fd96f0",
            "user_data_base64": null,
            "user_data_replace_on_change": false,
            "volume_tags": null,
            "vpc_security_group_ids": [
              "sg-0c5bedb97eec70431"
            ]
          },
          "sensitive_attributes": [],
          "private": "eyJlMmJmYjczMC1lY2FhLTExZTYtOGY4OC0zNDM2M2JjN2M0YzAiOnsiY3JlYXRlIjo2MDAwMDAwMDAwMDAsImRlbGV0ZSI6MTIwMDAwMDAwMDAwMCwicmVhZCI6OTAwMDAwMDAwMDAwLCJ1cGRhdGUiOjYwMDAwMDAwMDAwMH0sInNjaGVtYV92ZXJzaW9uIjoiMSJ9",
          "dependencies": [
            "aws_iam_instance_profile.ec2_profile",
            "aws_iam_role.ec2_codedeploy_role",
            "aws_key_pair.ec2_key_pair",
            "aws_security_group.istory_nginx_sg",
            "aws_subnet.dangtong-vpc-public-subnet",
            "aws_vpc.dangtong-vpc",
            "tls_private_key.ec2_private_key"
          ]
        }
      ]
    },
    {
      "mode": "managed",
      "type": "aws_internet_gateway",
      "name": "dangtong-igw",
      "provider": "provider[\"registry.terraform.io/hashicorp/aws\"]",
      "instances": [
        {
          "schema_version": 0,
          "attributes": {
            "arn": "arn:aws:ec2:ap-northeast-2:503561412665:internet-gateway/igw-09fa39d2318604edd",
            "id": "igw-09fa39d2318604edd",
            "owner_id": "503561412665",
            "tags": {
              "Name": "dangtong-igw"
            },
            "tags_all": {
              "Name": "dangtong-igw"
            },
            "timeouts": null,
            "vpc_id": "vpc-0ded95253478159fb"
          },
          "sensitive_attributes": [],
          "private": "eyJlMmJmYjczMC1lY2FhLTExZTYtOGY4OC0zNDM2M2JjN2M0YzAiOnsiY3JlYXRlIjoxMjAwMDAwMDAwMDAwLCJkZWxldGUiOjEyMDAwMDAwMDAwMDAsInVwZGF0ZSI6MTIwMDAwMDAwMDAwMH19",
          "dependencies": [
            "aws_vpc.dangtong-vpc"
          ]
        }
      ]
    },
    {
      "mode": "managed",
      "type": "aws_key_pair",
      "name": "ec2_key_pair",
      "provider": "provider[\"registry.terraform.io/hashicorp/aws\"]",
      "instances": [
        {
          "schema_version": 1,
          "attributes": {
            "arn": "arn:aws:ec2:ap-northeast-2:503561412665:key-pair/ec2-key_pair",
            "fingerprint": "c0:47:b4:18:82:b7:da:03:7a:05:03:db:d5:e4:66:13",
            "id": "ec2-key_pair",
            "key_name": "ec2-key_pair",
            "key_name_prefix": "",
            "key_pair_id": "key-0733b7f9310bc4e9a",
            "key_type": "rsa",
            "public_key": "ssh-rsa AAAAB3NzaC1yc2EAAAADAQABAAABAQCq6+sAZ4SibBLLD+pAAHQf3TG9zUPuBx38+PzqCz+R9Fa8oNs+O3UtcIzACExi4en53WUeN0bUnt6/6bR+3lrts0+c995P5NModOGH5oImeQVarW476QGYJgzudJ65rIWcMibUdo6pghvdpA3/kySx/me0x//ildR7Bl5Muwko7yi6LO15QzQXkTIHB6PqaBRChGtsDVp4+tleZeCbx4HP1XXNuxW5tz68s05lvOeFXKhVcIktayCVa3o2+WzN65ICxSWNz4wlZZO8FG+DeTtaurH/Pr+58TLNjaLRmM8ncyuLLfXeWHGRj1TvJXL2A7Kx1wPoOtW6DlfjGrCA8ZBl",
            "tags": null,
            "tags_all": {}
          },
          "sensitive_attributes": [],
          "private": "eyJzY2hlbWFfdmVyc2lvbiI6IjEifQ==",
          "dependencies": [
            "tls_private_key.ec2_private_key"
          ]
        }
      ]
    },
    {
      "mode": "managed",
      "type": "aws_route_table",
      "name": "dangtong-vpc-public-rt",
      "provider": "provider[\"registry.terraform.io/hashicorp/aws\"]",
      "instances": [
        {
          "schema_version": 0,
          "attributes": {
            "arn": "arn:aws:ec2:ap-northeast-2:503561412665:route-table/rtb-0fa07d824fdba8433",
            "id": "rtb-0fa07d824fdba8433",
            "owner_id": "503561412665",
            "propagating_vgws": [],
            "route": [
              {
                "carrier_gateway_id": "",
                "cidr_block": "0.0.0.0/0",
                "core_network_arn": "",
                "destination_prefix_list_id": "",
                "egress_only_gateway_id": "",
                "gateway_id": "igw-09fa39d2318604edd",
                "ipv6_cidr_block": "",
                "local_gateway_id": "",
                "nat_gateway_id": "",
                "network_interface_id": "",
                "transit_gateway_id": "",
                "vpc_endpoint_id": "",
                "vpc_peering_connection_id": ""
              }
            ],
            "tags": {
              "Name": "dangtong-vpc-public-rt"
            },
            "tags_all": {
              "Name": "dangtong-vpc-public-rt"
            },
            "timeouts": null,
            "vpc_id": "vpc-0ded95253478159fb"
          },
          "sensitive_attributes": [],
          "private": "eyJlMmJmYjczMC1lY2FhLTExZTYtOGY4OC0zNDM2M2JjN2M0YzAiOnsiY3JlYXRlIjozMDAwMDAwMDAwMDAsImRlbGV0ZSI6MzAwMDAwMDAwMDAwLCJ1cGRhdGUiOjEyMDAwMDAwMDAwMH19",
          "dependencies": [
            "aws_internet_gateway.dangtong-igw",
            "aws_vpc.dangtong-vpc"
          ]
        }
      ]
    },
    {
      "mode": "managed",
      "type": "aws_route_table_association",
      "name": "dangtong-vpc-public-rt",
      "provider": "provider[\"registry.terraform.io/hashicorp/aws\"]",
      "instances": [
        {
          "index_key": "a",
          "schema_version": 0,
          "attributes": {
            "gateway_id": "",
            "id": "rtbassoc-059acc9d75b5d18c4",
            "route_table_id": "rtb-0fa07d824fdba8433",
            "subnet_id": "subnet-0ad9cae8b8ff5e593",
            "timeouts": null
          },
          "sensitive_attributes": [],
          "private": "eyJlMmJmYjczMC1lY2FhLTExZTYtOGY4OC0zNDM2M2JjN2M0YzAiOnsiY3JlYXRlIjozMDAwMDAwMDAwMDAsImRlbGV0ZSI6MzAwMDAwMDAwMDAwLCJ1cGRhdGUiOjEyMDAwMDAwMDAwMH19",
          "dependencies": [
            "aws_internet_gateway.dangtong-igw",
            "aws_route_table.dangtong-vpc-public-rt",
            "aws_subnet.dangtong-vpc-public-subnet",
            "aws_vpc.dangtong-vpc"
          ]
        },
        {
          "index_key": "b",
          "schema_version": 0,
          "attributes": {
            "gateway_id": "",
            "id": "rtbassoc-0a8990bb8300a5d40",
            "route_table_id": "rtb-0fa07d824fdba8433",
            "subnet_id": "subnet-0bc6f85a874d1487b",
            "timeouts": null
          },
          "sensitive_attributes": [],
          "private": "eyJlMmJmYjczMC1lY2FhLTExZTYtOGY4OC0zNDM2M2JjN2M0YzAiOnsiY3JlYXRlIjozMDAwMDAwMDAwMDAsImRlbGV0ZSI6MzAwMDAwMDAwMDAwLCJ1cGRhdGUiOjEyMDAwMDAwMDAwMH19",
          "dependencies": [
            "aws_internet_gateway.dangtong-igw",
            "aws_route_table.dangtong-vpc-public-rt",
            "aws_subnet.dangtong-vpc-public-subnet",
            "aws_vpc.dangtong-vpc"
          ]
        },
        {
          "index_key": "c",
          "schema_version": 0,
          "attributes": {
            "gateway_id": "",
            "id": "rtbassoc-03861e133c1b8b2a0",
            "route_table_id": "rtb-0fa07d824fdba8433",
            "subnet_id": "subnet-09698002abdd05f90",
            "timeouts": null
          },
          "sensitive_attributes": [],
          "private": "eyJlMmJmYjczMC1lY2FhLTExZTYtOGY4OC0zNDM2M2JjN2M0YzAiOnsiY3JlYXRlIjozMDAwMDAwMDAwMDAsImRlbGV0ZSI6MzAwMDAwMDAwMDAwLCJ1cGRhdGUiOjEyMDAwMDAwMDAwMH19",
          "dependencies": [
            "aws_internet_gateway.dangtong-igw",
            "aws_route_table.dangtong-vpc-public-rt",
            "aws_subnet.dangtong-vpc-public-subnet",
            "aws_vpc.dangtong-vpc"
          ]
        },
        {
          "index_key": "d",
          "schema_version": 0,
          "attributes": {
            "gateway_id": "",
            "id": "rtbassoc-03f1ae72458bc9aba",
            "route_table_id": "rtb-0fa07d824fdba8433",
            "subnet_id": "subnet-0de94dcc18e00bfb6",
            "timeouts": null
          },
          "sensitive_attributes": [],
          "private": "eyJlMmJmYjczMC1lY2FhLTExZTYtOGY4OC0zNDM2M2JjN2M0YzAiOnsiY3JlYXRlIjozMDAwMDAwMDAwMDAsImRlbGV0ZSI6MzAwMDAwMDAwMDAwLCJ1cGRhdGUiOjEyMDAwMDAwMDAwMH19",
          "dependencies": [
            "aws_internet_gateway.dangtong-igw",
            "aws_route_table.dangtong-vpc-public-rt",
            "aws_subnet.dangtong-vpc-public-subnet",
            "aws_vpc.dangtong-vpc"
          ]
        }
      ]
    },
    {
      "mode": "managed",
      "type": "aws_s3_bucket",
      "name": "istory-deploy-bucket",
      "provider": "provider[\"registry.terraform.io/hashicorp/aws\"]",
      "instances": [
        {
          "schema_version": 0,
          "attributes": {
            "acceleration_status": "",
            "acl": null,
            "arn": "arn:aws:s3:::istory-deploy-bucket-503561412665",
            "bucket": "istory-deploy-bucket-503561412665",
            "bucket_domain_name": "istory-deploy-bucket-503561412665.s3.amazonaws.com",
            "bucket_prefix": "",
            "bucket_regional_domain_name": "istory-deploy-bucket-503561412665.s3.ap-northeast-2.amazonaws.com",
            "cors_rule": [],
            "force_destroy": false,
            "grant": [
              {
                "id": "650c3d0ef7755394043563c4da0498d1f3d2ecb9889e77f9d0b932b2e6595a40",
                "permissions": [
                  "FULL_CONTROL"
                ],
                "type": "CanonicalUser",
                "uri": ""
              }
            ],
            "hosted_zone_id": "Z3W03O7B5YMIYP",
            "id": "istory-deploy-bucket-503561412665",
            "lifecycle_rule": [],
            "logging": [],
            "object_lock_configuration": [],
            "object_lock_enabled": false,
            "policy": "",
            "region": "ap-northeast-2",
            "replication_configuration": [],
            "request_payer": "BucketOwner",
            "server_side_encryption_configuration": [
              {
                "rule": [
                  {
                    "apply_server_side_encryption_by_default": [
                      {
                        "kms_master_key_id": "",
                        "sse_algorithm": "AES256"
                      }
                    ],
                    "bucket_key_enabled": false
                  }
                ]
              }
            ],
            "tags": null,
            "tags_all": {},
            "timeouts": null,
            "versioning": [
              {
                "enabled": false,
                "mfa_delete": false
              }
            ],
            "website": [],
            "website_domain": null,
            "website_endpoint": null
          },
          "sensitive_attributes": [],
          "private": "eyJlMmJmYjczMC1lY2FhLTExZTYtOGY4OC0zNDM2M2JjN2M0YzAiOnsiY3JlYXRlIjoxMjAwMDAwMDAwMDAwLCJkZWxldGUiOjM2MDAwMDAwMDAwMDAsInJlYWQiOjEyMDAwMDAwMDAwMDAsInVwZGF0ZSI6MTIwMDAwMDAwMDAwMH19",
          "dependencies": [
            "data.aws_caller_identity.current"
          ]
        }
      ]
    },
    {
      "mode": "managed",
      "type": "aws_s3_bucket_versioning",
      "name": "deploy_bucket_versioning",
      "provider": "provider[\"registry.terraform.io/hashicorp/aws\"]",
      "instances": [
        {
          "schema_version": 0,
          "attributes": {
            "bucket": "istory-deploy-bucket-503561412665",
            "expected_bucket_owner": "",
            "id": "istory-deploy-bucket-503561412665",
            "mfa": null,
            "versioning_configuration": [
              {
                "mfa_delete": "",
                "status": "Enabled"
              }
            ]
          },
          "sensitive_attributes": [],
          "private": "bnVsbA==",
          "dependencies": [
            "aws_s3_bucket.istory-deploy-bucket",
            "data.aws_caller_identity.current"
          ]
        }
      ]
    },
    {
      "mode": "managed",
      "type": "aws_security_group",
      "name": "istory_nginx_sg",
      "provider": "provider[\"registry.terraform.io/hashicorp/aws\"]",
      "instances": [
        {
          "schema_version": 1,
          "attributes": {
            "arn": "arn:aws:ec2:ap-northeast-2:503561412665:security-group/sg-0c5bedb97eec70431",
            "description": "Managed by Terraform",
            "egress": [
              {
                "cidr_blocks": [
                  "0.0.0.0/0"
                ],
                "description": "",
                "from_port": 0,
                "ipv6_cidr_blocks": [],
                "prefix_list_ids": [],
                "protocol": "-1",
                "security_groups": [],
                "self": false,
                "to_port": 0
              }
            ],
            "id": "sg-0c5bedb97eec70431",
            "ingress": [
              {
                "cidr_blocks": [
                  "0.0.0.0/0"
                ],
                "description": "Allow HTTP",
                "from_port": 8080,
                "ipv6_cidr_blocks": [],
                "prefix_list_ids": [],
                "protocol": "tcp",
                "security_groups": [],
                "self": false,
                "to_port": 8080
              },
              {
                "cidr_blocks": [
                  "0.0.0.0/0"
                ],
                "description": "Allow SSH",
                "from_port": 22,
                "ipv6_cidr_blocks": [],
                "prefix_list_ids": [],
                "protocol": "tcp",
                "security_groups": [],
                "self": false,
                "to_port": 22
              }
            ],
            "name": "istory nginx sg20250322053124988200000004",
            "name_prefix": "istory nginx sg",
            "owner_id": "503561412665",
            "revoke_rules_on_delete": false,
            "tags": null,
            "tags_all": {},
            "timeouts": null,
            "vpc_id": "vpc-0ded95253478159fb"
          },
          "sensitive_attributes": [],
          "private": "eyJlMmJmYjczMC1lY2FhLTExZTYtOGY4OC0zNDM2M2JjN2M0YzAiOnsiY3JlYXRlIjo2MDAwMDAwMDAwMDAsImRlbGV0ZSI6OTAwMDAwMDAwMDAwfSwic2NoZW1hX3ZlcnNpb24iOiIxIn0=",
          "dependencies": [
            "aws_vpc.dangtong-vpc"
          ]
        }
      ]
    },
    {
      "mode": "managed",
      "type": "aws_security_group",
      "name": "istory_rds_sg",
      "provider": "provider[\"registry.terraform.io/hashicorp/aws\"]",
      "instances": [
        {
          "schema_version": 1,
          "attributes": {
            "arn": "arn:aws:ec2:ap-northeast-2:503561412665:security-group/sg-0db832061baa501a4",
            "description": "Managed by Terraform",
            "egress": [
              {
                "cidr_blocks": [
                  "0.0.0.0/0"
                ],
                "description": "",
                "from_port": 0,
                "ipv6_cidr_blocks": [],
                "prefix_list_ids": [],
                "protocol": "-1",
                "security_groups": [],
                "self": false,
                "to_port": 0
              }
            ],
            "id": "sg-0db832061baa501a4",
            "ingress": [
              {
                "cidr_blocks": [],
                "description": "Allow MySQL from EC2",
                "from_port": 3306,
                "ipv6_cidr_blocks": [],
                "prefix_list_ids": [],
                "protocol": "tcp",
                "security_groups": [
                  "sg-0c5bedb97eec70431"
                ],
                "self": false,
                "to_port": 3306
              }
            ],
            "name": "istory rds sg20250322053127438100000006",
            "name_prefix": "istory rds sg",
            "owner_id": "503561412665",
            "revoke_rules_on_delete": false,
            "tags": {
              "Name": "istory-rds-sg"
            },
            "tags_all": {
              "Name": "istory-rds-sg"
            },
            "timeouts": null,
            "vpc_id": "vpc-0ded95253478159fb"
          },
          "sensitive_attributes": [],
          "private": "eyJlMmJmYjczMC1lY2FhLTExZTYtOGY4OC0zNDM2M2JjN2M0YzAiOnsiY3JlYXRlIjo2MDAwMDAwMDAwMDAsImRlbGV0ZSI6OTAwMDAwMDAwMDAwfSwic2NoZW1hX3ZlcnNpb24iOiIxIn0=",
          "dependencies": [
            "aws_security_group.istory_nginx_sg",
            "aws_vpc.dangtong-vpc"
          ]
        }
      ]
    },
    {
      "mode": "managed",
      "type": "aws_subnet",
      "name": "dangtong-vpc-public-subnet",
      "provider": "provider[\"registry.terraform.io/hashicorp/aws\"]",
      "instances": [
        {
          "index_key": "a",
          "schema_version": 1,
          "attributes": {
            "arn": "arn:aws:ec2:ap-northeast-2:503561412665:subnet/subnet-0ad9cae8b8ff5e593",
            "assign_ipv6_address_on_creation": false,
            "availability_zone": "ap-northeast-2a",
            "availability_zone_id": "apne2-az1",
            "cidr_block": "10.0.1.0/24",
            "customer_owned_ipv4_pool": "",
            "enable_dns64": false,
            "enable_lni_at_device_index": 0,
            "enable_resource_name_dns_a_record_on_launch": false,
            "enable_resource_name_dns_aaaa_record_on_launch": false,
            "id": "subnet-0ad9cae8b8ff5e593",
            "ipv6_cidr_block": "",
            "ipv6_cidr_block_association_id": "",
            "ipv6_native": false,
            "map_customer_owned_ip_on_launch": false,
            "map_public_ip_on_launch": true,
            "outpost_arn": "",
            "owner_id": "503561412665",
            "private_dns_hostname_type_on_launch": "ip-name",
            "tags": {
              "Name": "dangtong-vpc-public-subnet-a"
            },
            "tags_all": {
              "Name": "dangtong-vpc-public-subnet-a"
            },
            "timeouts": null,
            "vpc_id": "vpc-0ded95253478159fb"
          },
          "sensitive_attributes": [],
          "private": "eyJlMmJmYjczMC1lY2FhLTExZTYtOGY4OC0zNDM2M2JjN2M0YzAiOnsiY3JlYXRlIjo2MDAwMDAwMDAwMDAsImRlbGV0ZSI6MTIwMDAwMDAwMDAwMH0sInNjaGVtYV92ZXJzaW9uIjoiMSJ9",
          "dependencies": [
            "aws_vpc.dangtong-vpc"
          ]
        },
        {
          "index_key": "b",
          "schema_version": 1,
          "attributes": {
            "arn": "arn:aws:ec2:ap-northeast-2:503561412665:subnet/subnet-0bc6f85a874d1487b",
            "assign_ipv6_address_on_creation": false,
            "availability_zone": "ap-northeast-2b",
            "availability_zone_id": "apne2-az2",
            "cidr_block": "10.0.2.0/24",
            "customer_owned_ipv4_pool": "",
            "enable_dns64": false,
            "enable_lni_at_device_index": 0,
            "enable_resource_name_dns_a_record_on_launch": false,
            "enable_resource_name_dns_aaaa_record_on_launch": false,
            "id": "subnet-0bc6f85a874d1487b",
            "ipv6_cidr_block": "",
            "ipv6_cidr_block_association_id": "",
            "ipv6_native": false,
            "map_customer_owned_ip_on_launch": false,
            "map_public_ip_on_launch": true,
            "outpost_arn": "",
            "owner_id": "503561412665",
            "private_dns_hostname_type_on_launch": "ip-name",
            "tags": {
              "Name": "dangtong-vpc-public-subnet-b"
            },
            "tags_all": {
              "Name": "dangtong-vpc-public-subnet-b"
            },
            "timeouts": null,
            "vpc_id": "vpc-0ded95253478159fb"
          },
          "sensitive_attributes": [],
          "private": "eyJlMmJmYjczMC1lY2FhLTExZTYtOGY4OC0zNDM2M2JjN2M0YzAiOnsiY3JlYXRlIjo2MDAwMDAwMDAwMDAsImRlbGV0ZSI6MTIwMDAwMDAwMDAwMH0sInNjaGVtYV92ZXJzaW9uIjoiMSJ9",
          "dependencies": [
            "aws_vpc.dangtong-vpc"
          ]
        },
        {
          "index_key": "c",
          "schema_version": 1,
          "attributes": {
            "arn": "arn:aws:ec2:ap-northeast-2:503561412665:subnet/subnet-09698002abdd05f90",
            "assign_ipv6_address_on_creation": false,
            "availability_zone": "ap-northeast-2c",
            "availability_zone_id": "apne2-az3",
            "cidr_block": "10.0.3.0/24",
            "customer_owned_ipv4_pool": "",
            "enable_dns64": false,
            "enable_lni_at_device_index": 0,
            "enable_resource_name_dns_a_record_on_launch": false,
            "enable_resource_name_dns_aaaa_record_on_launch": false,
            "id": "subnet-09698002abdd05f90",
            "ipv6_cidr_block": "",
            "ipv6_cidr_block_association_id": "",
            "ipv6_native": false,
            "map_customer_owned_ip_on_launch": false,
            "map_public_ip_on_launch": true,
            "outpost_arn": "",
            "owner_id": "503561412665",
            "private_dns_hostname_type_on_launch": "ip-name",
            "tags": {
              "Name": "dangtong-vpc-public-subnet-c"
            },
            "tags_all": {
              "Name": "dangtong-vpc-public-subnet-c"
            },
            "timeouts": null,
            "vpc_id": "vpc-0ded95253478159fb"
          },
          "sensitive_attributes": [],
          "private": "eyJlMmJmYjczMC1lY2FhLTExZTYtOGY4OC0zNDM2M2JjN2M0YzAiOnsiY3JlYXRlIjo2MDAwMDAwMDAwMDAsImRlbGV0ZSI6MTIwMDAwMDAwMDAwMH0sInNjaGVtYV92ZXJzaW9uIjoiMSJ9",
          "dependencies": [
            "aws_vpc.dangtong-vpc"
          ]
        },
        {
          "index_key": "d",
          "schema_version": 1,
          "attributes": {
            "arn": "arn:aws:ec2:ap-northeast-2:503561412665:subnet/subnet-0de94dcc18e00bfb6",
            "assign_ipv6_address_on_creation": false,
            "availability_zone": "ap-northeast-2d",
            "availability_zone_id": "apne2-az4",
            "cidr_block": "10.0.4.0/24",
            "customer_owned_ipv4_pool": "",
            "enable_dns64": false,
            "enable_lni_at_device_index": 0,
            "enable_resource_name_dns_a_record_on_launch": false,
            "enable_resource_name_dns_aaaa_record_on_launch": false,
            "id": "subnet-0de94dcc18e00bfb6",
            "ipv6_cidr_block": "",
            "ipv6_cidr_block_association_id": "",
            "ipv6_native": false,
            "map_customer_owned_ip_on_launch": false,
            "map_public_ip_on_launch": true,
            "outpost_arn": "",
            "owner_id": "503561412665",
            "private_dns_hostname_type_on_launch": "ip-name",
            "tags": {
              "Name": "dangtong-vpc-public-subnet-d"
            },
            "tags_all": {
              "Name": "dangtong-vpc-public-subnet-d"
            },
            "timeouts": null,
            "vpc_id": "vpc-0ded95253478159fb"
          },
          "sensitive_attributes": [],
          "private": "eyJlMmJmYjczMC1lY2FhLTExZTYtOGY4OC0zNDM2M2JjN2M0YzAiOnsiY3JlYXRlIjo2MDAwMDAwMDAwMDAsImRlbGV0ZSI6MTIwMDAwMDAwMDAwMH0sInNjaGVtYV92ZXJzaW9uIjoiMSJ9",
          "dependencies": [
            "aws_vpc.dangtong-vpc"
          ]
        }
      ]
    },
    {
      "mode": "managed",
      "type": "aws_vpc",
      "name": "dangtong-vpc",
      "provider": "provider[\"registry.terraform.io/hashicorp/aws\"]",
      "instances": [
        {
          "schema_version": 1,
          "attributes": {
            "arn": "arn:aws:ec2:ap-northeast-2:503561412665:vpc/vpc-0ded95253478159fb",
            "assign_generated_ipv6_cidr_block": false,
            "cidr_block": "10.0.0.0/16",
            "default_network_acl_id": "acl-01fdb400451634a2e",
            "default_route_table_id": "rtb-07fd15abb4dc02cbf",
            "default_security_group_id": "sg-03814152c5c8fece3",
            "dhcp_options_id": "dopt-004ffa3894397e4ef",
            "enable_dns_hostnames": true,
            "enable_dns_support": true,
            "enable_network_address_usage_metrics": false,
            "id": "vpc-0ded95253478159fb",
            "instance_tenancy": "default",
            "ipv4_ipam_pool_id": null,
            "ipv4_netmask_length": null,
            "ipv6_association_id": "",
            "ipv6_cidr_block": "",
            "ipv6_cidr_block_network_border_group": "",
            "ipv6_ipam_pool_id": "",
            "ipv6_netmask_length": 0,
            "main_route_table_id": "rtb-07fd15abb4dc02cbf",
            "owner_id": "503561412665",
            "tags": {
              "Name": "dangtong-vpc"
            },
            "tags_all": {
              "Name": "dangtong-vpc"
            }
          },
          "sensitive_attributes": [],
          "private": "eyJzY2hlbWFfdmVyc2lvbiI6IjEifQ=="
        }
      ]
    },
    {
      "mode": "managed",
      "type": "tls_private_key",
      "name": "ec2_private_key",
      "provider": "provider[\"registry.terraform.io/hashicorp/tls\"]",
      "instances": [
        {
          "schema_version": 1,
          "attributes": {
            "algorithm": "RSA",
            "ecdsa_curve": "P224",
            "id": "36846397b2031c2ebd2582cdf115f48ac6b59ed5",
            "private_key_openssh": "-----BEGIN OPENSSH PRIVATE KEY-----\nb3BlbnNzaC1rZXktdjEAAAAABG5vbmUAAAAEbm9uZQAAAAAAAAABAAABFwAAAAdz\nc2gtcnNhAAAAAwEAAQAAAQEAquvrAGeEomwSyw/qQAB0H90xvc1D7gcd/Pj86gs/\nkfRWvKDbPjt1LXCMwAhMYuHp+d1lHjdG1J7ev+m0ft5a7bNPnPfeT+TTKHThh+aC\nJnkFWq1uO+kBmCYM7nSeuayFnDIm1HaOqYIb3aQN/5Mksf5ntMf/4pXUewZeTLsJ\nKO8ouizteUM0F5EyBwej6mgUQoRrbA1aePrZXmXgm8eBz9V1zbsVubc+vLNOZbzn\nhVyoVXCJLWsglWt6NvlszeuSAsUljc+MJWWTvBRvg3k7Wrqx/z6/ufEyzY2i0ZjP\nJ3Mriy313lhxkY9U7yVy9gOysdcD6DrVug5X4xqwgPGQZQAAA7iqSNy4qkjcuAAA\nAAdzc2gtcnNhAAABAQCq6+sAZ4SibBLLD+pAAHQf3TG9zUPuBx38+PzqCz+R9Fa8\noNs+O3UtcIzACExi4en53WUeN0bUnt6/6bR+3lrts0+c995P5NModOGH5oImeQVa\nrW476QGYJgzudJ65rIWcMibUdo6pghvdpA3/kySx/me0x//ildR7Bl5Muwko7yi6\nLO15QzQXkTIHB6PqaBRChGtsDVp4+tleZeCbx4HP1XXNuxW5tz68s05lvOeFXKhV\ncIktayCVa3o2+WzN65ICxSWNz4wlZZO8FG+DeTtaurH/Pr+58TLNjaLRmM8ncyuL\nLfXeWHGRj1TvJXL2A7Kx1wPoOtW6DlfjGrCA8ZBlAAAAAwEAAQAAAQEAkh/hqFXX\n+fhFVN+FWDRLExbLOMZtRelFxQmlR/5X2dM3+EnZRmoUssVfP6mYjI0xuJGDqoJ9\nhrdQHmiSDEjTGhbLgJoUsN8je5n5WnNCX9vlLPHKpWN+HnKhaZfAP2L0U2Y49jlp\nnBeE9UcVRKOqopWqWc8Gv9Nydb8rDZR1r0zqJYTtFTJvOm6Gi/b+7fPXBZ5a8TBI\njVMUdVs8x/7R9v6B3lSH5yRrrkTM8BjJaOL+ck6TnVFWpjgVvgtFwmBkMl65C+FS\ncrV23J6bQgWlkuJSq8KHNztD2GB5hJ96KjOL00X81IFlhE4nu6fuCYjL/QLaj+9d\nTRliMrC+8WrMHQAAAIEAj+ELGdpZPjL7nNeoVnZo/UF/uXP5XkB5oBpnsIBJuZPY\nU3pZ4lklf3i/JF4VVMJtSf6oLi9euBsZpLDbvD4A3PPSnyJ0b3T0hTn/ZC6EXMlp\nECzf7s+snCq/10AVdBOJauLGroG5bpbBySBpRIXVkeF3VChUERdqTieFmo1zF2gA\nAACBAM6cE/pgw3i9mFZsReAGWAk2DIDu9Kyj3KjCWDsgJKJLngCeCLkYuWgPiGok\nEwajktIs4mOIFgH/ObgcYczfHaIzLIJtA4am7+bP6e0D8w5PtdXXaPcUCCQzXfUc\nAnwZeLwcZBh3clF+c3pixB7dwuvuAOSUpwZwkDC4EijU0Wz/AAAAgQDTx9QjAsn6\nJ2FHfwGp/TUP02rZt7wWkiae7EvsD2khJbeVg19p/Fk2JNMT72TxU9lBcEoYhiKZ\neUFQ6MoYcrG+Nv/CUX81nqmuuOwAP+QnfmgURuriQj9vUA0/H7VRPf3FRJuZGfIc\nHoPCMjTrKgJY0OG+UllAZGDrNTx9s7FumwAAAAAB\n-----END OPENSSH PRIVATE KEY-----\n",
            "private_key_pem": "-----BEGIN RSA PRIVATE KEY-----\nMIIEpQIBAAKCAQEAquvrAGeEomwSyw/qQAB0H90xvc1D7gcd/Pj86gs/kfRWvKDb\nPjt1LXCMwAhMYuHp+d1lHjdG1J7ev+m0ft5a7bNPnPfeT+TTKHThh+aCJnkFWq1u\nO+kBmCYM7nSeuayFnDIm1HaOqYIb3aQN/5Mksf5ntMf/4pXUewZeTLsJKO8ouizt\neUM0F5EyBwej6mgUQoRrbA1aePrZXmXgm8eBz9V1zbsVubc+vLNOZbznhVyoVXCJ\nLWsglWt6NvlszeuSAsUljc+MJWWTvBRvg3k7Wrqx/z6/ufEyzY2i0ZjPJ3Mriy31\n3lhxkY9U7yVy9gOysdcD6DrVug5X4xqwgPGQZQIDAQABAoIBAQCSH+GoVdf5+EVU\n34VYNEsTFss4xm1F6UXFCaVH/lfZ0zf4SdlGahSyxV8/qZiMjTG4kYOqgn2Gt1Ae\naJIMSNMaFsuAmhSw3yN7mflac0Jf2+Us8cqlY34ecqFpl8A/YvRTZjj2OWmcF4T1\nRxVEo6qilapZzwa/03J1vysNlHWvTOolhO0VMm86boaL9v7t89cFnlrxMEiNUxR1\nWzzH/tH2/oHeVIfnJGuuRMzwGMlo4v5yTpOdUVamOBW+C0XCYGQyXrkL4VJytXbc\nnptCBaWS4lKrwoc3O0PYYHmEn3oqM4vTRfzUgWWETie7p+4JiMv9AtqP711NGWIy\nsL7xaswdAoGBAM6cE/pgw3i9mFZsReAGWAk2DIDu9Kyj3KjCWDsgJKJLngCeCLkY\nuWgPiGokEwajktIs4mOIFgH/ObgcYczfHaIzLIJtA4am7+bP6e0D8w5PtdXXaPcU\nCCQzXfUcAnwZeLwcZBh3clF+c3pixB7dwuvuAOSUpwZwkDC4EijU0Wz/AoGBANPH\n1CMCyfonYUd/Aan9NQ/Tatm3vBaSJp7sS+wPaSElt5WDX2n8WTYk0xPvZPFT2UFw\nShiGIpl5QVDoyhhysb42/8JRfzWeqa647AA/5Cd+aBRG6uJCP29QDT8ftVE9/cVE\nm5kZ8hweg8IyNOsqAljQ4b5SWUBkYOs1PH2zsW6bAoGBAKuPOJuYS9fvfxaMM31x\nZxrG8Z0CTtMoAat0LTVzXFgTeDDFCTNBj3sUIs8YA2Bo5Rp2wMmrD7M6zh/OGXu3\n7PBpk9T9VocyCVTcYj84H1RL5g6aHwPDc3sz2BoW1w1bTUDORmN2k8uNt6/xYS7M\nL/YenEkyEnsrbt+1iQa0qO3bAoGAbfuiFMiXAh2/bHTt9Uz1aJGgNQ8xU/t0qSYI\nS8C5FSjUTYZbX9xYrEC1ie3SW23zLwPUxyWqBFAvdohepBG0cxd2/YB7cupCLuYE\nUiDcKRKBlL47r2M+NF27c2PRMy7hgrgdooYR8T57qLeQOeyoKV3ZTpDPnxxCJQSR\ntKpEZC8CgYEAj+ELGdpZPjL7nNeoVnZo/UF/uXP5XkB5oBpnsIBJuZPYU3pZ4lkl\nf3i/JF4VVMJtSf6oLi9euBsZpLDbvD4A3PPSnyJ0b3T0hTn/ZC6EXMlpECzf7s+s\nnCq/10AVdBOJauLGroG5bpbBySBpRIXVkeF3VChUERdqTieFmo1zF2g=\n-----END RSA PRIVATE KEY-----\n",
            "private_key_pem_pkcs8": "-----BEGIN PRIVATE KEY-----\nMIIEvwIBADANBgkqhkiG9w0BAQEFAASCBKkwggSlAgEAAoIBAQCq6+sAZ4SibBLL\nD+pAAHQf3TG9zUPuBx38+PzqCz+R9Fa8oNs+O3UtcIzACExi4en53WUeN0bUnt6/\n6bR+3lrts0+c995P5NModOGH5oImeQVarW476QGYJgzudJ65rIWcMibUdo6pghvd\npA3/kySx/me0x//ildR7Bl5Muwko7yi6LO15QzQXkTIHB6PqaBRChGtsDVp4+tle\nZeCbx4HP1XXNuxW5tz68s05lvOeFXKhVcIktayCVa3o2+WzN65ICxSWNz4wlZZO8\nFG+DeTtaurH/Pr+58TLNjaLRmM8ncyuLLfXeWHGRj1TvJXL2A7Kx1wPoOtW6Dlfj\nGrCA8ZBlAgMBAAECggEBAJIf4ahV1/n4RVTfhVg0SxMWyzjGbUXpRcUJpUf+V9nT\nN/hJ2UZqFLLFXz+pmIyNMbiRg6qCfYa3UB5okgxI0xoWy4CaFLDfI3uZ+VpzQl/b\n5SzxyqVjfh5yoWmXwD9i9FNmOPY5aZwXhPVHFUSjqqKVqlnPBr/TcnW/Kw2Uda9M\n6iWE7RUybzpuhov2/u3z1wWeWvEwSI1TFHVbPMf+0fb+gd5Uh+cka65EzPAYyWji\n/nJOk51RVqY4Fb4LRcJgZDJeuQvhUnK1dtyem0IFpZLiUqvChzc7Q9hgeYSfeioz\ni9NF/NSBZYROJ7un7gmIy/0C2o/vXU0ZYjKwvvFqzB0CgYEAzpwT+mDDeL2YVmxF\n4AZYCTYMgO70rKPcqMJYOyAkokueAJ4IuRi5aA+IaiQTBqOS0iziY4gWAf85uBxh\nzN8dojMsgm0Dhqbv5s/p7QPzDk+11ddo9xQIJDNd9RwCfBl4vBxkGHdyUX5zemLE\nHt3C6+4A5JSnBnCQMLgSKNTRbP8CgYEA08fUIwLJ+idhR38Bqf01D9Nq2be8FpIm\nnuxL7A9pISW3lYNfafxZNiTTE+9k8VPZQXBKGIYimXlBUOjKGHKxvjb/wlF/NZ6p\nrrjsAD/kJ35oFEbq4kI/b1ANPx+1UT39xUSbmRnyHB6DwjI06yoCWNDhvlJZQGRg\n6zU8fbOxbpsCgYEAq484m5hL1+9/FowzfXFnGsbxnQJO0ygBq3QtNXNcWBN4MMUJ\nM0GPexQizxgDYGjlGnbAyasPszrOH84Ze7fs8GmT1P1WhzIJVNxiPzgfVEvmDpof\nA8NzezPYGhbXDVtNQM5GY3aTy423r/FhLswv9h6cSTISeytu37WJBrSo7dsCgYBt\n+6IUyJcCHb9sdO31TPVokaA1DzFT+3SpJghLwLkVKNRNhltf3FisQLWJ7dJbbfMv\nA9THJaoEUC92iF6kEbRzF3b9gHty6kIu5gRSINwpEoGUvjuvYz40XbtzY9EzLuGC\nuB2ihhHxPnuot5A57KgpXdlOkM+fHEIlBJG0qkRkLwKBgQCP4QsZ2lk+Mvuc16hW\ndmj9QX+5c/leQHmgGmewgEm5k9hTelniWSV/eL8kXhVUwm1J/qguL164GxmksNu8\nPgDc89KfInRvdPSFOf9kLoRcyWkQLN/uz6ycKr/XQBV0E4lq4saugblulsHJIGlE\nhdWR4XdUKFQRF2pOJ4WajXMXaA==\n-----END PRIVATE KEY-----\n",
            "public_key_fingerprint_md5": "f8:c2:f4:80:b9:9c:81:69:64:e1:12:64:43:56:02:51",
            "public_key_fingerprint_sha256": "SHA256:3MMZcEoJUqK4TyH2CzZoRxfXlXnyigAxhmwn29BuPOA",
            "public_key_openssh": "ssh-rsa AAAAB3NzaC1yc2EAAAADAQABAAABAQCq6+sAZ4SibBLLD+pAAHQf3TG9zUPuBx38+PzqCz+R9Fa8oNs+O3UtcIzACExi4en53WUeN0bUnt6/6bR+3lrts0+c995P5NModOGH5oImeQVarW476QGYJgzudJ65rIWcMibUdo6pghvdpA3/kySx/me0x//ildR7Bl5Muwko7yi6LO15QzQXkTIHB6PqaBRChGtsDVp4+tleZeCbx4HP1XXNuxW5tz68s05lvOeFXKhVcIktayCVa3o2+WzN65ICxSWNz4wlZZO8FG+DeTtaurH/Pr+58TLNjaLRmM8ncyuLLfXeWHGRj1TvJXL2A7Kx1wPoOtW6DlfjGrCA8ZBl\n",
            "public_key_pem": "-----BEGIN PUBLIC KEY-----\nMIIBIjANBgkqhkiG9w0BAQEFAAOCAQ8AMIIBCgKCAQEAquvrAGeEomwSyw/qQAB0\nH90xvc1D7gcd/Pj86gs/kfRWvKDbPjt1LXCMwAhMYuHp+d1lHjdG1J7ev+m0ft5a\n7bNPnPfeT+TTKHThh+aCJnkFWq1uO+kBmCYM7nSeuayFnDIm1HaOqYIb3aQN/5Mk\nsf5ntMf/4pXUewZeTLsJKO8ouizteUM0F5EyBwej6mgUQoRrbA1aePrZXmXgm8eB\nz9V1zbsVubc+vLNOZbznhVyoVXCJLWsglWt6NvlszeuSAsUljc+MJWWTvBRvg3k7\nWrqx/z6/ufEyzY2i0ZjPJ3Mriy313lhxkY9U7yVy9gOysdcD6DrVug5X4xqwgPGQ\nZQIDAQAB\n-----END PUBLIC KEY-----\n",
            "rsa_bits": 2048
          },
          "sensitive_attributes": [
            [
              {
                "type": "get_attr",
                "value": "private_key_openssh"
              }
            ],
            [
              {
                "type": "get_attr",
                "value": "private_key_pem"
              }
            ],
            [
              {
                "type": "get_attr",
                "value": "private_key_pem_pkcs8"
              }
            ]
          ]
        }
      ]
    }
  ],
  "check_results": null
}
